
Microsoft Visual Studio Solution File, Format Version 12.00
# Visual Studio 15
VisualStudioVersion = 15.0.26403.0
MinimumVisualStudioVersion = 10.0.40219.1
Project("{2150E333-8FDC-42A3-9474-1A3956D46DE8}") = "Solution Items", "Solution Items", "{873DECB5-F8C5-4206-BB7E-3BC707B883EE}"
	ProjectSection(SolutionItems) = preProject
		clean.cmd = clean.cmd
		NuGet.Config = NuGet.Config
		TechnicalReference.txt = TechnicalReference.txt
	EndProjectSection
EndProject
Project("{2150E333-8FDC-42A3-9474-1A3956D46DE8}") = "shared", "shared", "{58971894-BB84-4CC1-99E4-BD424B371E2F}"
EndProject
Project("{D954291E-2A0B-460D-934E-DC6B0785DB48}") = "CuteAnt.Extensions.Logging.Sources", "..\CuteAnt.Extensions.Common\src\CuteAnt.Extensions.Logging.Sources\CuteAnt.Extensions.Logging.Sources.shproj", "{8DBB7DC8-2B90-4A8C-A60D-D41466174BDE}"
EndProject
Project("{2150E333-8FDC-42A3-9474-1A3956D46DE8}") = "src", "src", "{3DE4D4CB-EFB0-4B66-A26E-55CCF2D52F32}"
EndProject
Project("{2150E333-8FDC-42A3-9474-1A3956D46DE8}") = "samples", "samples", "{AB9207B8-D4C0-43C3-991C-7E8BBF8F4704}"
EndProject
Project("{2150E333-8FDC-42A3-9474-1A3956D46DE8}") = "test", "test", "{DE4BD5EE-32BC-4E62-96FD-507E9A7668B9}"
EndProject
Project("{2150E333-8FDC-42A3-9474-1A3956D46DE8}") = "nuspecs", "nuspecs", "{D2C8C0D2-FF61-4161-B098-1DA4678B145A}"
	ProjectSection(SolutionItems) = preProject
		nuspecs\CuteAnt.IdentityModel.Core.nuspec = nuspecs\CuteAnt.IdentityModel.Core.nuspec
		nuspecs\CuteAnt.IdentityModel.HttpSigning.nuspec = nuspecs\CuteAnt.IdentityModel.HttpSigning.nuspec
		nuspecs\CuteAnt.IdentityModel.nuspec = nuspecs\CuteAnt.IdentityModel.nuspec
		nuspecs\CuteAnt.IdentityModel.OidcClient.nuspec = nuspecs\CuteAnt.IdentityModel.OidcClient.nuspec
		nuspecs\CuteAnt.IdentityModel.OidcClient.Plus.nuspec = nuspecs\CuteAnt.IdentityModel.OidcClient.Plus.nuspec
		nuspecs\CuteAnt.IdentityModel.Owin.nuspec = nuspecs\CuteAnt.IdentityModel.Owin.nuspec
		nuspecs\CuteAnt.IdentityModel.Owin.ScopeValidation.nuspec = nuspecs\CuteAnt.IdentityModel.Owin.ScopeValidation.nuspec
		nuspecs\CuteAnt.IdentityModel.Plus.nuspec = nuspecs\CuteAnt.IdentityModel.Plus.nuspec
		nuspecs\JosePCL.nuspec = nuspecs\JosePCL.nuspec
		nuspecs\package.cmd = nuspecs\package.cmd
		nuspecs\PCLCrypto.Desktop.nuspec = nuspecs\PCLCrypto.Desktop.nuspec
		nuspecs\publishing.cmd = nuspecs\publishing.cmd
	EndProjectSection
EndProject
Project("{D954291E-2A0B-460D-934E-DC6B0785DB48}") = "PCLCrypto.Shared.Common", "src\PCLCrypto.Shared.Common\PCLCrypto.Shared.Common.shproj", "{802098CC-E489-4FC0-B115-30CC967B7B38}"
EndProject
Project("{D954291E-2A0B-460D-934E-DC6B0785DB48}") = "PCLCrypto.Shared.Formatters", "src\PCLCrypto.Shared.Formatters\PCLCrypto.Shared.Formatters.shproj", "{2649B02A-7FDC-43FA-8A0C-755BBD74DBDD}"
EndProject
Project("{D954291E-2A0B-460D-934E-DC6B0785DB48}") = "PCLCrypto.Shared.NetFx", "src\PCLCrypto.Shared.NetFx\PCLCrypto.Shared.NetFx.shproj", "{8F74D3D1-6E53-4814-B215-B4D3515DA80A}"
EndProject
Project("{D954291E-2A0B-460D-934E-DC6B0785DB48}") = "PCLCrypto.Shared.NetFxSymmetric", "src\PCLCrypto.Shared.NetFxSymmetric\PCLCrypto.Shared.NetFxSymmetric.shproj", "{1511F9F5-0210-4375-B5C3-4CAF5B761FB4}"
EndProject
Project("{D954291E-2A0B-460D-934E-DC6B0785DB48}") = "PCLCrypto.Shared.PlatformCommon", "src\PCLCrypto.Shared.PlatformCommon\PCLCrypto.Shared.PlatformCommon.shproj", "{3B2D4380-8BCB-4626-8E9E-6958E0A34115}"
EndProject
Project("{D954291E-2A0B-460D-934E-DC6B0785DB48}") = "PCLCrypto.Shared.Win32RSA", "src\PCLCrypto.Shared.Win32RSA\PCLCrypto.Shared.Win32RSA.shproj", "{AEBD7D07-32C7-4813-84BA-5DC90E8C40B4}"
EndProject
Project("{9A19103F-16F7-4668-BE54-9A1E7A4F7556}") = "PCLCrypto", "src\PCLCrypto.Desktop\PCLCrypto.csproj", "{B9962349-FB20-4D26-8E8F-8B7E690D50F7}"
EndProject
Project("{9A19103F-16F7-4668-BE54-9A1E7A4F7556}") = "JosePCL", "src\jose-pcl\JosePCL.csproj", "{5625C697-C78D-4A45-AEE5-9B44E1F13065}"
EndProject
Project("{D954291E-2A0B-460D-934E-DC6B0785DB48}") = "CuteAnt.Extensions.Reflection.Sources", "..\CuteAnt.Extensions.Common\src\CuteAnt.Extensions.Reflection.Sources\CuteAnt.Extensions.Reflection.Sources.shproj", "{C7F8DBE6-77B7-494D-AF00-018F7579548C}"
EndProject
Project("{9A19103F-16F7-4668-BE54-9A1E7A4F7556}") = "IdentityModel", "src\IdentityModel\IdentityModel.csproj", "{13181B19-B419-49A9-A7E7-EA8EC9BA1F90}"
EndProject
Project("{9A19103F-16F7-4668-BE54-9A1E7A4F7556}") = "IdentityModel.Tests", "test\IdentityModel.Tests\IdentityModel.Tests.csproj", "{D2286D7B-01BE-427D-91F9-A3951D6A34FF}"
EndProject
Global
	GlobalSection(SharedMSBuildProjectFiles) = preSolution
		src\PCLCrypto.Shared.NetFxSymmetric\PCLCrypto.Shared.NetFxSymmetric.projitems*{1511f9f5-0210-4375-b5c3-4caf5b761fb4}*SharedItemsImports = 13
		src\PCLCrypto.Shared.Formatters\PCLCrypto.Shared.Formatters.projitems*{2649b02a-7fdc-43fa-8a0c-755bbd74dbdd}*SharedItemsImports = 13
		src\PCLCrypto.Shared.PlatformCommon\PCLCrypto.Shared.PlatformCommon.projitems*{3b2d4380-8bcb-4626-8e9e-6958e0a34115}*SharedItemsImports = 13
		src\PCLCrypto.Shared.Common\PCLCrypto.Shared.Common.projitems*{802098cc-e489-4fc0-b115-30cc967b7b38}*SharedItemsImports = 13
		..\CuteAnt.Extensions.Common\src\CuteAnt.Extensions.Logging.Sources\CuteAnt.Extensions.Logging.Sources.projitems*{8dbb7dc8-2b90-4a8c-a60d-d41466174bde}*SharedItemsImports = 13
		src\PCLCrypto.Shared.NetFx\PCLCrypto.Shared.NetFx.projitems*{8f74d3d1-6e53-4814-b215-b4d3515da80a}*SharedItemsImports = 13
		src\PCLCrypto.Shared.Win32RSA\PCLCrypto.Shared.Win32RSA.projitems*{aebd7d07-32c7-4813-84ba-5dc90e8c40b4}*SharedItemsImports = 13
		..\CuteAnt.Extensions.Common\src\CuteAnt.Extensions.Reflection.Sources\CuteAnt.Extensions.Reflection.Sources.projitems*{c7f8dbe6-77b7-494d-af00-018f7579548c}*SharedItemsImports = 13
	EndGlobalSection
	GlobalSection(SolutionConfigurationPlatforms) = preSolution
		Debug|Any CPU = Debug|Any CPU
		Release|Any CPU = Release|Any CPU
	EndGlobalSection
	GlobalSection(ProjectConfigurationPlatforms) = postSolution
		{B9962349-FB20-4D26-8E8F-8B7E690D50F7}.Debug|Any CPU.ActiveCfg = Debug|Any CPU
		{B9962349-FB20-4D26-8E8F-8B7E690D50F7}.Debug|Any CPU.Build.0 = Debug|Any CPU
		{B9962349-FB20-4D26-8E8F-8B7E690D50F7}.Release|Any CPU.ActiveCfg = Release|Any CPU
		{B9962349-FB20-4D26-8E8F-8B7E690D50F7}.Release|Any CPU.Build.0 = Release|Any CPU
		{5625C697-C78D-4A45-AEE5-9B44E1F13065}.Debug|Any CPU.ActiveCfg = Debug|Any CPU
		{5625C697-C78D-4A45-AEE5-9B44E1F13065}.Debug|Any CPU.Build.0 = Debug|Any CPU
		{5625C697-C78D-4A45-AEE5-9B44E1F13065}.Release|Any CPU.ActiveCfg = Release|Any CPU
		{5625C697-C78D-4A45-AEE5-9B44E1F13065}.Release|Any CPU.Build.0 = Release|Any CPU
		{13181B19-B419-49A9-A7E7-EA8EC9BA1F90}.Debug|Any CPU.ActiveCfg = Debug|Any CPU
		{13181B19-B419-49A9-A7E7-EA8EC9BA1F90}.Debug|Any CPU.Build.0 = Debug|Any CPU
		{13181B19-B419-49A9-A7E7-EA8EC9BA1F90}.Release|Any CPU.ActiveCfg = Release|Any CPU
		{13181B19-B419-49A9-A7E7-EA8EC9BA1F90}.Release|Any CPU.Build.0 = Release|Any CPU
		{D2286D7B-01BE-427D-91F9-A3951D6A34FF}.Debug|Any CPU.ActiveCfg = Debug|Any CPU
		{D2286D7B-01BE-427D-91F9-A3951D6A34FF}.Debug|Any CPU.Build.0 = Debug|Any CPU
		{D2286D7B-01BE-427D-91F9-A3951D6A34FF}.Release|Any CPU.ActiveCfg = Release|Any CPU
		{D2286D7B-01BE-427D-91F9-A3951D6A34FF}.Release|Any CPU.Build.0 = Release|Any CPU
	EndGlobalSection
	GlobalSection(SolutionProperties) = preSolution
		HideSolutionNode = FALSE
	EndGlobalSection
	GlobalSection(NestedProjects) = preSolution
		{8DBB7DC8-2B90-4A8C-A60D-D41466174BDE} = {58971894-BB84-4CC1-99E4-BD424B371E2F}
		{802098CC-E489-4FC0-B115-30CC967B7B38} = {3DE4D4CB-EFB0-4B66-A26E-55CCF2D52F32}
		{2649B02A-7FDC-43FA-8A0C-755BBD74DBDD} = {3DE4D4CB-EFB0-4B66-A26E-55CCF2D52F32}
		{8F74D3D1-6E53-4814-B215-B4D3515DA80A} = {3DE4D4CB-EFB0-4B66-A26E-55CCF2D52F32}
		{1511F9F5-0210-4375-B5C3-4CAF5B761FB4} = {3DE4D4CB-EFB0-4B66-A26E-55CCF2D52F32}
		{3B2D4380-8BCB-4626-8E9E-6958E0A34115} = {3DE4D4CB-EFB0-4B66-A26E-55CCF2D52F32}
		{AEBD7D07-32C7-4813-84BA-5DC90E8C40B4} = {3DE4D4CB-EFB0-4B66-A26E-55CCF2D52F32}
		{B9962349-FB20-4D26-8E8F-8B7E690D50F7} = {3DE4D4CB-EFB0-4B66-A26E-55CCF2D52F32}
		{5625C697-C78D-4A45-AEE5-9B44E1F13065} = {3DE4D4CB-EFB0-4B66-A26E-55CCF2D52F32}
		{C7F8DBE6-77B7-494D-AF00-018F7579548C} = {58971894-BB84-4CC1-99E4-BD424B371E2F}
		{13181B19-B419-49A9-A7E7-EA8EC9BA1F90} = {3DE4D4CB-EFB0-4B66-A26E-55CCF2D52F32}
		{D2286D7B-01BE-427D-91F9-A3951D6A34FF} = {DE4BD5EE-32BC-4E62-96FD-507E9A7668B9}
	EndGlobalSection
EndGlobal
