
Microsoft Visual Studio Solution File, Format Version 12.00
# Visual Studio 15
VisualStudioVersion = 15.0.26403.0
MinimumVisualStudioVersion = 10.0.40219.1
Project("{2150E333-8FDC-42A3-9474-1A3956D46DE8}") = "Solution Items", "Solution Items", "{873DECB5-F8C5-4206-BB7E-3BC707B883EE}"
	ProjectSection(SolutionItems) = preProject
		clean.cmd = clean.cmd
		NuGet.Config = NuGet.Config
		TechnicalReference.txt = TechnicalReference.txt
	EndProjectSection
EndProject
Project("{2150E333-8FDC-42A3-9474-1A3956D46DE8}") = "shared", "shared", "{58971894-BB84-4CC1-99E4-BD424B371E2F}"
EndProject
Project("{D954291E-2A0B-460D-934E-DC6B0785DB48}") = "CuteAnt.Extensions.Logging.Sources", "..\CuteAnt.Extensions.Common\src\CuteAnt.Extensions.Logging.Sources\CuteAnt.Extensions.Logging.Sources.shproj", "{8DBB7DC8-2B90-4A8C-A60D-D41466174BDE}"
EndProject
Project("{2150E333-8FDC-42A3-9474-1A3956D46DE8}") = "src", "src", "{3DE4D4CB-EFB0-4B66-A26E-55CCF2D52F32}"
EndProject
Project("{2150E333-8FDC-42A3-9474-1A3956D46DE8}") = "samples", "samples", "{AB9207B8-D4C0-43C3-991C-7E8BBF8F4704}"
EndProject
Project("{2150E333-8FDC-42A3-9474-1A3956D46DE8}") = "test", "test", "{DE4BD5EE-32BC-4E62-96FD-507E9A7668B9}"
EndProject
Project("{2150E333-8FDC-42A3-9474-1A3956D46DE8}") = "build", "build", "{D2C8C0D2-FF61-4161-B098-1DA4678B145A}"
	ProjectSection(SolutionItems) = preProject
		src\common.props = src\common.props
		src\CommonVersionInfo.cs = src\CommonVersionInfo.cs
		src\define.props = src\define.props
		src\HttpSigningVersion.props = src\HttpSigningVersion.props
		src\HttpSigningVersionInfo.cs = src\HttpSigningVersionInfo.cs
		src\IdentityModelVersion.props = src\IdentityModelVersion.props
		src\IdentityModelVersionInfo.cs = src\IdentityModelVersionInfo.cs
		src\JoseJwtVersion.props = src\JoseJwtVersion.props
		src\JoseJwtVersionInfo.cs = src\JoseJwtVersionInfo.cs
		src\JoseVersion.props = src\JoseVersion.props
		src\JoseVersionInfo.cs = src\JoseVersionInfo.cs
		src\MsVersion.props = src\MsVersion.props
		src\MsVersionInfo.cs = src\MsVersionInfo.cs
		src\nuget.props = src\nuget.props
		src\OidcClientVersion.props = src\OidcClientVersion.props
		src\OidcClientVersionInfo.cs = src\OidcClientVersionInfo.cs
		src\OwinVersion.props = src\OwinVersion.props
		src\OwinVersionInfo.cs = src\OwinVersionInfo.cs
		src\PCLCryptoVersion.props = src\PCLCryptoVersion.props
		src\PCLCryptoVersionInfo.cs = src\PCLCryptoVersionInfo.cs
		src\ThinktectureVersion.props = src\ThinktectureVersion.props
		src\ThinktectureVersionInfo.cs = src\ThinktectureVersionInfo.cs
	EndProjectSection
EndProject
Project("{D954291E-2A0B-460D-934E-DC6B0785DB48}") = "CuteAnt.Extensions.Reflection.Sources", "..\CuteAnt.Extensions.Common\src\CuteAnt.Extensions.Reflection.Sources\CuteAnt.Extensions.Reflection.Sources.shproj", "{C7F8DBE6-77B7-494D-AF00-018F7579548C}"
EndProject
Project("{9A19103F-16F7-4668-BE54-9A1E7A4F7556}") = "IdentityModel", "src\IdentityModel\IdentityModel.csproj", "{13181B19-B419-49A9-A7E7-EA8EC9BA1F90}"
EndProject
Project("{9A19103F-16F7-4668-BE54-9A1E7A4F7556}") = "IdentityModel.Tests", "test\IdentityModel.Tests\IdentityModel.Tests.csproj", "{D2286D7B-01BE-427D-91F9-A3951D6A34FF}"
EndProject
Project("{9A19103F-16F7-4668-BE54-9A1E7A4F7556}") = "Microsoft.IdentityModel.Logging", "src\Microsoft.IdentityModel.Logging\Microsoft.IdentityModel.Logging.csproj", "{79B63D86-57F4-45A3-A536-3EDF7D927F59}"
EndProject
Project("{9A19103F-16F7-4668-BE54-9A1E7A4F7556}") = "Microsoft.IdentityModel.Tokens", "src\Microsoft.IdentityModel.Tokens\Microsoft.IdentityModel.Tokens.csproj", "{C8A04A42-5C6E-4AFD-A992-868A08F5CB49}"
EndProject
Project("{9A19103F-16F7-4668-BE54-9A1E7A4F7556}") = "System.IdentityModel.Tokens.Jwt", "src\System.IdentityModel.Tokens.Jwt\System.IdentityModel.Tokens.Jwt.csproj", "{888ACF34-8455-4BB1-AF59-14FC8A4B987C}"
EndProject
Project("{9A19103F-16F7-4668-BE54-9A1E7A4F7556}") = "IdentityModel.OidcClient", "src\IdentityModel.OidcClient\IdentityModel.OidcClient.csproj", "{1A08B823-9544-466D-9A06-AB01E8E10334}"
EndProject
Project("{9A19103F-16F7-4668-BE54-9A1E7A4F7556}") = "IdentityModel.HttpSigning", "src\IdentityModel.HttpSigning\IdentityModel.HttpSigning.csproj", "{81F0484C-C790-4EE8-AE8C-75A50A053D95}"
EndProject
Project("{9A19103F-16F7-4668-BE54-9A1E7A4F7556}") = "Thinktecture.IdentityModel.Core", "src\Thinktecture.IdentityModel.Core\Thinktecture.IdentityModel.Core.csproj", "{4F304C20-D292-45C5-95FD-4B9F9431CF15}"
EndProject
Project("{9A19103F-16F7-4668-BE54-9A1E7A4F7556}") = "IdentityModel.Owin.ScopeValidation", "src\IdentityModel.Owin.ScopeValidation\IdentityModel.Owin.ScopeValidation.csproj", "{AF751841-3CEA-409B-983B-EB0FBF35AD79}"
EndProject
Project("{2150E333-8FDC-42A3-9474-1A3956D46DE8}") = "Thinktecture.IdentityModel", "Thinktecture.IdentityModel", "{CB4A1592-718B-4FD2-BC5F-9D0752E5F3F9}"
EndProject
Project("{2150E333-8FDC-42A3-9474-1A3956D46DE8}") = "jose", "jose", "{8B6E2A8E-DC48-40C3-865A-91F8E2FE0C8B}"
EndProject
Project("{2150E333-8FDC-42A3-9474-1A3956D46DE8}") = "IdentityModel", "IdentityModel", "{999A8CB8-A21F-43A0-9058-B49411006869}"
EndProject
Project("{2150E333-8FDC-42A3-9474-1A3956D46DE8}") = "Identitymodel-Extensions", "Identitymodel-Extensions", "{4D7C12FB-E51F-4795-9C7E-D98F2F96F728}"
EndProject
Project("{9A19103F-16F7-4668-BE54-9A1E7A4F7556}") = "IdentityModel.Owin", "src\IdentityModel.Owin\IdentityModel.Owin.csproj", "{49016C65-F170-4DA6-BB6D-C7557439FA39}"
EndProject
Project("{9A19103F-16F7-4668-BE54-9A1E7A4F7556}") = "Microsoft.IdentityModel.Protocols", "src\Microsoft.IdentityModel.Protocols\Microsoft.IdentityModel.Protocols.csproj", "{EDB47DF2-C8C0-4831-B5EB-9B7633AE6E15}"
EndProject
Project("{9A19103F-16F7-4668-BE54-9A1E7A4F7556}") = "Microsoft.IdentityModel.Protocols.OpenIdConnect", "src\Microsoft.IdentityModel.Protocols.OpenIdConnect\Microsoft.IdentityModel.Protocols.OpenIdConnect.csproj", "{5B9B742A-26BB-43B8-93B5-05DBFF566781}"
EndProject
Project("{9A19103F-16F7-4668-BE54-9A1E7A4F7556}") = "IdentityModel.OidcClient.Tests", "test\IdentityModel.OidcClient.Tests\IdentityModel.OidcClient.Tests.csproj", "{1557084E-69AB-4BAE-89F2-81BCB731E945}"
EndProject
Project("{9A19103F-16F7-4668-BE54-9A1E7A4F7556}") = "IdentityModel.HttpSigning.Tests", "test\IdentityModel.HttpSigning.Tests\IdentityModel.HttpSigning.Tests.csproj", "{218719DD-2D48-4AA6-899B-EDC1BFDC6E58}"
EndProject
Project("{9A19103F-16F7-4668-BE54-9A1E7A4F7556}") = "jose-jwt", "src\jose-jwt\jose-jwt.csproj", "{246B6609-ECE7-46FC-A576-ED606134F805}"
EndProject
Global
	GlobalSection(SharedMSBuildProjectFiles) = preSolution
		..\CuteAnt.Extensions.Common\src\CuteAnt.Extensions.Logging.Sources\CuteAnt.Extensions.Logging.Sources.projitems*{8dbb7dc8-2b90-4a8c-a60d-d41466174bde}*SharedItemsImports = 13
		..\CuteAnt.Extensions.Common\src\CuteAnt.Extensions.Reflection.Sources\CuteAnt.Extensions.Reflection.Sources.projitems*{c7f8dbe6-77b7-494d-af00-018f7579548c}*SharedItemsImports = 13
	EndGlobalSection
	GlobalSection(SolutionConfigurationPlatforms) = preSolution
		Debug|Any CPU = Debug|Any CPU
		Release|Any CPU = Release|Any CPU
	EndGlobalSection
	GlobalSection(ProjectConfigurationPlatforms) = postSolution
		{13181B19-B419-49A9-A7E7-EA8EC9BA1F90}.Debug|Any CPU.ActiveCfg = Debug|Any CPU
		{13181B19-B419-49A9-A7E7-EA8EC9BA1F90}.Debug|Any CPU.Build.0 = Debug|Any CPU
		{13181B19-B419-49A9-A7E7-EA8EC9BA1F90}.Release|Any CPU.ActiveCfg = Release|Any CPU
		{13181B19-B419-49A9-A7E7-EA8EC9BA1F90}.Release|Any CPU.Build.0 = Release|Any CPU
		{D2286D7B-01BE-427D-91F9-A3951D6A34FF}.Debug|Any CPU.ActiveCfg = Debug|Any CPU
		{D2286D7B-01BE-427D-91F9-A3951D6A34FF}.Debug|Any CPU.Build.0 = Debug|Any CPU
		{D2286D7B-01BE-427D-91F9-A3951D6A34FF}.Release|Any CPU.ActiveCfg = Release|Any CPU
		{D2286D7B-01BE-427D-91F9-A3951D6A34FF}.Release|Any CPU.Build.0 = Release|Any CPU
		{79B63D86-57F4-45A3-A536-3EDF7D927F59}.Debug|Any CPU.ActiveCfg = Debug|Any CPU
		{79B63D86-57F4-45A3-A536-3EDF7D927F59}.Debug|Any CPU.Build.0 = Debug|Any CPU
		{79B63D86-57F4-45A3-A536-3EDF7D927F59}.Release|Any CPU.ActiveCfg = Release|Any CPU
		{79B63D86-57F4-45A3-A536-3EDF7D927F59}.Release|Any CPU.Build.0 = Release|Any CPU
		{C8A04A42-5C6E-4AFD-A992-868A08F5CB49}.Debug|Any CPU.ActiveCfg = Debug|Any CPU
		{C8A04A42-5C6E-4AFD-A992-868A08F5CB49}.Debug|Any CPU.Build.0 = Debug|Any CPU
		{C8A04A42-5C6E-4AFD-A992-868A08F5CB49}.Release|Any CPU.ActiveCfg = Release|Any CPU
		{C8A04A42-5C6E-4AFD-A992-868A08F5CB49}.Release|Any CPU.Build.0 = Release|Any CPU
		{888ACF34-8455-4BB1-AF59-14FC8A4B987C}.Debug|Any CPU.ActiveCfg = Debug|Any CPU
		{888ACF34-8455-4BB1-AF59-14FC8A4B987C}.Debug|Any CPU.Build.0 = Debug|Any CPU
		{888ACF34-8455-4BB1-AF59-14FC8A4B987C}.Release|Any CPU.ActiveCfg = Release|Any CPU
		{888ACF34-8455-4BB1-AF59-14FC8A4B987C}.Release|Any CPU.Build.0 = Release|Any CPU
		{1A08B823-9544-466D-9A06-AB01E8E10334}.Debug|Any CPU.ActiveCfg = Debug|Any CPU
		{1A08B823-9544-466D-9A06-AB01E8E10334}.Debug|Any CPU.Build.0 = Debug|Any CPU
		{1A08B823-9544-466D-9A06-AB01E8E10334}.Release|Any CPU.ActiveCfg = Release|Any CPU
		{1A08B823-9544-466D-9A06-AB01E8E10334}.Release|Any CPU.Build.0 = Release|Any CPU
		{81F0484C-C790-4EE8-AE8C-75A50A053D95}.Debug|Any CPU.ActiveCfg = Debug|Any CPU
		{81F0484C-C790-4EE8-AE8C-75A50A053D95}.Debug|Any CPU.Build.0 = Debug|Any CPU
		{81F0484C-C790-4EE8-AE8C-75A50A053D95}.Release|Any CPU.ActiveCfg = Release|Any CPU
		{81F0484C-C790-4EE8-AE8C-75A50A053D95}.Release|Any CPU.Build.0 = Release|Any CPU
		{4F304C20-D292-45C5-95FD-4B9F9431CF15}.Debug|Any CPU.ActiveCfg = Debug|Any CPU
		{4F304C20-D292-45C5-95FD-4B9F9431CF15}.Debug|Any CPU.Build.0 = Debug|Any CPU
		{4F304C20-D292-45C5-95FD-4B9F9431CF15}.Release|Any CPU.ActiveCfg = Release|Any CPU
		{4F304C20-D292-45C5-95FD-4B9F9431CF15}.Release|Any CPU.Build.0 = Release|Any CPU
		{AF751841-3CEA-409B-983B-EB0FBF35AD79}.Debug|Any CPU.ActiveCfg = Debug|Any CPU
		{AF751841-3CEA-409B-983B-EB0FBF35AD79}.Debug|Any CPU.Build.0 = Debug|Any CPU
		{AF751841-3CEA-409B-983B-EB0FBF35AD79}.Release|Any CPU.ActiveCfg = Release|Any CPU
		{AF751841-3CEA-409B-983B-EB0FBF35AD79}.Release|Any CPU.Build.0 = Release|Any CPU
		{49016C65-F170-4DA6-BB6D-C7557439FA39}.Debug|Any CPU.ActiveCfg = Debug|Any CPU
		{49016C65-F170-4DA6-BB6D-C7557439FA39}.Debug|Any CPU.Build.0 = Debug|Any CPU
		{49016C65-F170-4DA6-BB6D-C7557439FA39}.Release|Any CPU.ActiveCfg = Release|Any CPU
		{49016C65-F170-4DA6-BB6D-C7557439FA39}.Release|Any CPU.Build.0 = Release|Any CPU
		{EDB47DF2-C8C0-4831-B5EB-9B7633AE6E15}.Debug|Any CPU.ActiveCfg = Debug|Any CPU
		{EDB47DF2-C8C0-4831-B5EB-9B7633AE6E15}.Debug|Any CPU.Build.0 = Debug|Any CPU
		{EDB47DF2-C8C0-4831-B5EB-9B7633AE6E15}.Release|Any CPU.ActiveCfg = Release|Any CPU
		{EDB47DF2-C8C0-4831-B5EB-9B7633AE6E15}.Release|Any CPU.Build.0 = Release|Any CPU
		{5B9B742A-26BB-43B8-93B5-05DBFF566781}.Debug|Any CPU.ActiveCfg = Debug|Any CPU
		{5B9B742A-26BB-43B8-93B5-05DBFF566781}.Debug|Any CPU.Build.0 = Debug|Any CPU
		{5B9B742A-26BB-43B8-93B5-05DBFF566781}.Release|Any CPU.ActiveCfg = Release|Any CPU
		{5B9B742A-26BB-43B8-93B5-05DBFF566781}.Release|Any CPU.Build.0 = Release|Any CPU
		{1557084E-69AB-4BAE-89F2-81BCB731E945}.Debug|Any CPU.ActiveCfg = Debug|Any CPU
		{1557084E-69AB-4BAE-89F2-81BCB731E945}.Debug|Any CPU.Build.0 = Debug|Any CPU
		{1557084E-69AB-4BAE-89F2-81BCB731E945}.Release|Any CPU.ActiveCfg = Release|Any CPU
		{1557084E-69AB-4BAE-89F2-81BCB731E945}.Release|Any CPU.Build.0 = Release|Any CPU
		{218719DD-2D48-4AA6-899B-EDC1BFDC6E58}.Debug|Any CPU.ActiveCfg = Debug|Any CPU
		{218719DD-2D48-4AA6-899B-EDC1BFDC6E58}.Debug|Any CPU.Build.0 = Debug|Any CPU
		{218719DD-2D48-4AA6-899B-EDC1BFDC6E58}.Release|Any CPU.ActiveCfg = Release|Any CPU
		{218719DD-2D48-4AA6-899B-EDC1BFDC6E58}.Release|Any CPU.Build.0 = Release|Any CPU
		{246B6609-ECE7-46FC-A576-ED606134F805}.Debug|Any CPU.ActiveCfg = Debug|Any CPU
		{246B6609-ECE7-46FC-A576-ED606134F805}.Debug|Any CPU.Build.0 = Debug|Any CPU
		{246B6609-ECE7-46FC-A576-ED606134F805}.Release|Any CPU.ActiveCfg = Release|Any CPU
		{246B6609-ECE7-46FC-A576-ED606134F805}.Release|Any CPU.Build.0 = Release|Any CPU
	EndGlobalSection
	GlobalSection(SolutionProperties) = preSolution
		HideSolutionNode = FALSE
	EndGlobalSection
	GlobalSection(NestedProjects) = preSolution
		{8DBB7DC8-2B90-4A8C-A60D-D41466174BDE} = {58971894-BB84-4CC1-99E4-BD424B371E2F}
		{C7F8DBE6-77B7-494D-AF00-018F7579548C} = {58971894-BB84-4CC1-99E4-BD424B371E2F}
		{13181B19-B419-49A9-A7E7-EA8EC9BA1F90} = {999A8CB8-A21F-43A0-9058-B49411006869}
		{D2286D7B-01BE-427D-91F9-A3951D6A34FF} = {DE4BD5EE-32BC-4E62-96FD-507E9A7668B9}
		{79B63D86-57F4-45A3-A536-3EDF7D927F59} = {4D7C12FB-E51F-4795-9C7E-D98F2F96F728}
		{C8A04A42-5C6E-4AFD-A992-868A08F5CB49} = {4D7C12FB-E51F-4795-9C7E-D98F2F96F728}
		{888ACF34-8455-4BB1-AF59-14FC8A4B987C} = {4D7C12FB-E51F-4795-9C7E-D98F2F96F728}
		{1A08B823-9544-466D-9A06-AB01E8E10334} = {999A8CB8-A21F-43A0-9058-B49411006869}
		{81F0484C-C790-4EE8-AE8C-75A50A053D95} = {999A8CB8-A21F-43A0-9058-B49411006869}
		{4F304C20-D292-45C5-95FD-4B9F9431CF15} = {CB4A1592-718B-4FD2-BC5F-9D0752E5F3F9}
		{AF751841-3CEA-409B-983B-EB0FBF35AD79} = {CB4A1592-718B-4FD2-BC5F-9D0752E5F3F9}
		{CB4A1592-718B-4FD2-BC5F-9D0752E5F3F9} = {3DE4D4CB-EFB0-4B66-A26E-55CCF2D52F32}
		{8B6E2A8E-DC48-40C3-865A-91F8E2FE0C8B} = {3DE4D4CB-EFB0-4B66-A26E-55CCF2D52F32}
		{999A8CB8-A21F-43A0-9058-B49411006869} = {3DE4D4CB-EFB0-4B66-A26E-55CCF2D52F32}
		{4D7C12FB-E51F-4795-9C7E-D98F2F96F728} = {3DE4D4CB-EFB0-4B66-A26E-55CCF2D52F32}
		{49016C65-F170-4DA6-BB6D-C7557439FA39} = {CB4A1592-718B-4FD2-BC5F-9D0752E5F3F9}
		{EDB47DF2-C8C0-4831-B5EB-9B7633AE6E15} = {4D7C12FB-E51F-4795-9C7E-D98F2F96F728}
		{5B9B742A-26BB-43B8-93B5-05DBFF566781} = {4D7C12FB-E51F-4795-9C7E-D98F2F96F728}
		{1557084E-69AB-4BAE-89F2-81BCB731E945} = {DE4BD5EE-32BC-4E62-96FD-507E9A7668B9}
		{218719DD-2D48-4AA6-899B-EDC1BFDC6E58} = {DE4BD5EE-32BC-4E62-96FD-507E9A7668B9}
		{246B6609-ECE7-46FC-A576-ED606134F805} = {8B6E2A8E-DC48-40C3-865A-91F8E2FE0C8B}
	EndGlobalSection
EndGlobal
